// !$*UTF8*$!
{
	archiveVersion = 1;
	classes = {
	};
	objectVersion = 46;
	objects = {

/* Begin PBXBuildFile section */
		CCF0B64C1CB4A38C008B30E9 /* main.m in Sources */ = {isa = PBXBuildFile; fileRef = CCF0B64B1CB4A38C008B30E9 /* main.m */; };
/* End PBXBuildFile section */

/* Begin PBXCopyFilesBuildPhase section */
		CCF0B6461CB4A38C008B30E9 /* CopyFiles */ = {
			isa = PBXCopyFilesBuildPhase;
			buildActionMask = 2147483647;
			dstPath = /usr/share/man/man1/;
			dstSubfolderSpec = 0;
			files = (
			);
			runOnlyForDeploymentPostprocessing = 1;
		};
/* End PBXCopyFilesBuildPhase section */

/* Begin PBXFileReference section */
		CCF0B6481CB4A38C008B30E9 /* Foundation-复杂数组和字典(Plist) */ = {isa = PBXFileReference; explicitFileType = "compiled.mach-o.executable"; includeInIndex = 0; path = "Foundation-复杂数组和字典(Plist)"; sourceTree = BUILT_PRODUCTS_DIR; };
		CCF0B64B1CB4A38C008B30E9 /* main.m */ = {isa = PBXFileReference; lastKnownFileType = sourcecode.c.objc; path = main.m; sourceTree = "<group>"; };
		CCF0B6521CB4ACDA008B30E9 /* my.plist */ = {isa = PBXFileReference; fileEncoding = 4; lastKnownFileType = text.plist.xml; path = my.plist; sourceTree = "<group>"; };
/* End PBXFileReference section */

/* Begin PBXFrameworksBuildPhase section */
		CCF0B6451CB4A38C008B30E9 /* Frameworks */ = {
			isa = PBXFrameworksBuildPhase;
			buildActionMask = 2147483647;
			files = (
			);
			runOnlyForDeploymentPostprocessing = 0;
		};
/* End PBXFrameworksBuildPhase section */

/* Begin PBXGroup section */
		CC6A26651CBDCF3E001C4C6C /* New Group */ = {
			isa = PBXGroup;
			children = (
				CCF0B64B1CB4A38C008B30E9 /* main.m */,
			);
			name = "New Group";
			sourceTree = "<group>";
		};
		CCF0B63F1CB4A38C008B30E9 = {
			isa = PBXGroup;
			children = (
				CCF0B64A1CB4A38C008B30E9 /* Foundation-复杂数组和字典(Plist) */,
				CCF0B6491CB4A38C008B30E9 /* Products */,
			);
			sourceTree = "<group>";
		};
		CCF0B6491CB4A38C008B30E9 /* Products */ = {
			isa = PBXGroup;
			children = (
				CCF0B6481CB4A38C008B30E9 /* Foundation-复杂数组和字典(Plist) */,
			);
			name = Products;
			sourceTree = "<group>";
		};
		CCF0B64A1CB4A38C008B30E9 /* Foundation-复杂数组和字典(Plist) */ = {
			isa = PBXGroup;
			children = (
				CC6A26651CBDCF3E001C4C6C /* New Group */,
				CCF0B6521CB4ACDA008B30E9 /* my.plist */,
			);
			path = "Foundation-复杂数组和字典(Plist)";
			sourceTree = "<group>";
		};
/* End PBXGroup section */

/* Begin PBXNativeTarget section */
		CCF0B6471CB4A38C008B30E9 /* Foundation-复杂数组和字典(Plist) */ = {
			isa = PBXNativeTarget;
			buildConfigurationList = CCF0B64F1CB4A38C008B30E9 /* Build configuration list for PBXNativeTarget "Foundation-复杂数组和字典(Plist)" */;
			buildPhases = (
				CCF0B6441CB4A38C008B30E9 /* Sources */,
				CCF0B6451CB4A38C008B30E9 /* Frameworks */,
				CCF0B6461CB4A38C008B30E9 /* CopyFiles */,
			);
			buildRules = (
			);
			dependencies = (
			);
			name = "Foundation-复杂数组和字典(Plist)";
			productName = "Foundation-复杂数组和字典(Plist)";
			productReference = CCF0B6481CB4A38C008B30E9 /* Foundation-复杂数组和字典(Plist) */;
			productType = "com.apple.product-type.tool";
		};
/* End PBXNativeTarget section */

/* Begin PBXProject section */
		CCF0B6401CB4A38C008B30E9 /* Project object */ = {
			isa = PBXProject;
			attributes = {
				LastUpgradeCheck = 0710;
				ORGANIZATIONNAME = qingyun;
				TargetAttributes = {
					CCF0B6471CB4A38C008B30E9 = {
						CreatedOnToolsVersion = 7.1.1;
					};
				};
			};
			buildConfigurationList = CCF0B6431CB4A38C008B30E9 /* Build configuration list for PBXProject "Foundation-复杂数组和字典(Plist)" */;
			compatibilityVersion = "Xcode 3.2";
			developmentRegion = English;
			hasScannedForEncodings = 0;
			knownRegions = (
				en,
			);
			mainGroup = CCF0B63F1CB4A38C008B30E9;
			productRefGroup = CCF0B6491CB4A38C008B30E9 /* Products */;
			projectDirPath = "";
			projectRoot = "";
			targets = (
				CCF0B6471CB4A38C008B30E9 /* Foundation-复杂数组和字典(Plist) */,
			);
		};
/* End PBXProject section */

/* Begin PBXSourcesBuildPhase section */
		CCF0B6441CB4A38C008B30E9 /* Sources */ = {
			isa = PBXSourcesBuildPhase;
			buildActionMask = 2147483647;
			files = (
				CCF0B64C1CB4A38C008B30E9 /* main.m in Sources */,
			);
			runOnlyForDeploymentPostprocessing = 0;
		};
/* End PBXSourcesBuildPhase section */

/* Begin XCBuildConfiguration section */
		CCF0B64D1CB4A38C008B30E9 /* Debug */ = {
			isa = XCBuildConfiguration;
			buildSettings = {
				ALWAYS_SEARCH_USER_PATHS = NO;
				CLANG_CXX_LANGUAGE_STANDARD = "gnu++0x";
				CLANG_CXX_LIBRARY = "libc++";
				CLANG_ENABLE_MODULES = YES;
				CLANG_ENABLE_OBJC_ARC = YES;
				CLANG_WARN_BOOL_CONVERSION = YES;
				CLANG_WARN_CONSTANT_CONVERSION = YES;
				CLANG_WARN_DIRECT_OBJC_ISA_USAGE = YES_ERROR;
				CLANG_WARN_EMPTY_BODY = YES;
				CLANG_WARN_ENUM_CONVERSION = YES;
				CLANG_WARN_INT_CONVERSION = YES;
				CLANG_WARN_OBJC_ROOT_CLASS = YES_ERROR;
				CLANG_WARN_UNREACHABLE_CODE = YES;
				CLANG_WARN__DUPLICATE_METHOD_MATCH = YES;
				CODE_SIGN_IDENTITY = "-";
				COPY_PHASE_STRIP = NO;
				DEBUG_INFORMATION_FORMAT = dwarf;
				ENABLE_STRICT_OBJC_MSGSEND = YES;
				ENABLE_TESTABILITY = YES;
				GCC_C_LANGUAGE_STANDARD = gnu99;
				GCC_DYNAMIC_NO_PIC = NO;
				GCC_NO_COMMON_BLOCKS = YES;
				GCC_OPTIMIZATION_LEVEL = 0;
				GCC_PREPROCESSOR_DEFINITIONS = (
					"DEBUG=1",
					"$(inherited)",
				);
				GCC_WARN_64_TO_32_BIT_CONVERSION = YES;
				GCC_WARN_ABOUT_RETURN_TYPE = YES_ERROR;
				GCC_WARN_UNDECLARED_SELECTOR = YES;
				GCC_WARN_UNINITIALIZED_AUTOS = YES_AGGRESSIVE;
				GCC_WARN_UNUSED_FUNCTION = YES;
				GCC_WARN_UNUSED_VARIABLE = YES;
				MACOSX_DEPLOYMENT_TARGET = 10.11;
				MTL_ENABLE_DEBUG_INFO = YES;
				ONLY_ACTIVE_ARCH = YES;
				SDKROOT = macosx;
			};
			name = Debug;
		};
		CCF0B64E1CB4A38C008B30E9 /* Release */ = {
			isa = XCBuildConfiguration;
			buildSettings = {
				ALWAYS_SEARCH_USER_PATHS = NO;
				CLANG_CXX_LANGUAGE_STANDARD = "gnu++0x";
				CLANG_CXX_LIBRARY = "libc++";
				CLANG_ENABLE_MODULES = YES;
				CLANG_ENABLE_OBJC_ARC = YES;
				CLANG_WARN_BOOL_CONVERSION = YES;
				CLANG_WARN_CONSTANT_CONVERSION = YES;
				CLANG_WARN_DIRECT_OBJC_ISA_USAGE = YES_ERROR;
				CLANG_WARN_EMPTY_BODY = YES;
				CLANG_WARN_ENUM_CONVERSION = YES;
				CLANG_WARN_INT_CONVERSION = YES;
				CLANG_WARN_OBJC_ROOT_CLASS = YES_ERROR;
				CLANG_WARN_UNREACHABLE_CODE = YES;
				CLANG_WARN__DUPLICATE_METHOD_MATCH = YES;
				CODE_SIGN_IDENTITY = "-";
				COPY_PHASE_STRIP = NO;
				DEBUG_INFORMATION_FORMAT = "dwarf-with-dsym";
				ENABLE_NS_ASSERTIONS = NO;
				ENABLE_STRICT_OBJC_MSGSEND = YES;
				GCC_C_LANGUAGE_STANDARD = gnu99;
				GCC_NO_COMMON_BLOCKS = YES;
				GCC_WARN_64_TO_32_BIT_CONVERSION = YES;
				GCC_WARN_ABOUT_RETURN_TYPE = YES_ERROR;
				GCC_WARN_UNDECLARED_SELECTOR = YES;
				GCC_WARN_UNINITIALIZED_AUTOS = YES_AGGRESSIVE;
				GCC_WARN_UNUSED_FUNCTION = YES;
				GCC_WARN_UNUSED_VARIABLE = YES;
				MACOSX_DEPLOYMENT_TARGET = 10.11;
				MTL_ENABLE_DEBUG_INFO = NO;
				SDKROOT = macosx;
			};
			name = Release;
		};
		CCF0B6501CB4A38C008B30E9 /* Debug */ = {
			isa = XCBuildConfiguration;
			buildSettings = {
				PRODUCT_NAME = "$(TARGET_NAME)";
			};
			name = Debug;
		};
		CCF0B6511CB4A38C008B30E9 /* Release */ = {
			isa = XCBuildConfiguration;
			buildSettings = {
				PRODUCT_NAME = "$(TARGET_NAME)";
			};
			name = Release;
		};
/* End XCBuildConfiguration section */

/* Begin XCConfigurationList section */
		CCF0B6431CB4A38C008B30E9 /* Build configuration list for PBXProject "Foundation-复杂数组和字典(Plist)" */ = {
			isa = XCConfigurationList;
			buildConfigurations = (
				CCF0B64D1CB4A38C008B30E9 /* Debug */,
				CCF0B64E1CB4A38C008B30E9 /* Release */,
			);
			defaultConfigurationIsVisible = 0;
			defaultConfigurationName = Release;
		};
		CCF0B64F1CB4A38C008B30E9 /* Build configuration list for PBXNativeTarget "Foundation-复杂数组和字典(Plist)" */ = {
			isa = XCConfigurationList;
			buildConfigurations = (
				CCF0B6501CB4A38C008B30E9 /* Debug */,
				CCF0B6511CB4A38C008B30E9 /* Release */,
			);
			defaultConfigurationIsVisible = 0;
			defaultConfigurationName = Release;
		};
/* End XCConfigurationList section */
	};
	rootObject = CCF0B6401CB4A38C008B30E9 /* Project object */;
}
